// !$*UTF8*$!
{
	archiveVersion = 1;
	classes = {
	};
	objectVersion = 56;
	objects = {

/* Begin PBXBuildFile section */
		9982FDCA2CA98A4D00E5343A /* imaginariumApp.swift in Sources */ = {isa = PBXBuildFile; fileRef = 9982FDC92CA98A4D00E5343A /* imaginariumApp.swift */; };
		9982FDCC2CA98A4D00E5343A /* ContentView.swift in Sources */ = {isa = PBXBuildFile; fileRef = 9982FDCB2CA98A4D00E5343A /* ContentView.swift */; };
		9982FDCE2CA98A5000E5343A /* Assets.xcassets in Resources */ = {isa = PBXBuildFile; fileRef = 9982FDCD2CA98A5000E5343A /* Assets.xcassets */; };
		9982FDD12CA98A5000E5343A /* Preview Assets.xcassets in Resources */ = {isa = PBXBuildFile; fileRef = 9982FDD02CA98A5000E5343A /* Preview Assets.xcassets */; };
		9982FDDC2CA98C4800E5343A /* HomeView.swift in Sources */ = {isa = PBXBuildFile; fileRef = 9982FDDB2CA98C4800E5343A /* HomeView.swift */; };
		9982FDDE2CA98D1F00E5343A /* Images.swift in Sources */ = {isa = PBXBuildFile; fileRef = 9982FDDD2CA98D1F00E5343A /* Images.swift */; };
		9982FDE42CA9936E00E5343A /* hPadding.swift in Sources */ = {isa = PBXBuildFile; fileRef = 9982FDE32CA9936E00E5343A /* hPadding.swift */; };
		9982FDE62CA994D200E5343A /* HomeViewModel.swift in Sources */ = {isa = PBXBuildFile; fileRef = 9982FDE52CA994D200E5343A /* HomeViewModel.swift */; };
		9982FDE82CA9952300E5343A /* Source.swift in Sources */ = {isa = PBXBuildFile; fileRef = 9982FDE72CA9952300E5343A /* Source.swift */; };
		9982FDEB2CA9956800E5343A /* CategoriesEnum.swift in Sources */ = {isa = PBXBuildFile; fileRef = 9982FDEA2CA9956800E5343A /* CategoriesEnum.swift */; };
		9982FDED2CA996C600E5343A /* CategoryCard.swift in Sources */ = {isa = PBXBuildFile; fileRef = 9982FDEC2CA996C600E5343A /* CategoryCard.swift */; };
		9982FDEF2CA99E2000E5343A /* EnvironmentalValues.swift in Sources */ = {isa = PBXBuildFile; fileRef = 9982FDEE2CA99E2000E5343A /* EnvironmentalValues.swift */; };
		9982FDF22CA9A3C900E5343A /* SettingsView.swift in Sources */ = {isa = PBXBuildFile; fileRef = 9982FDF12CA9A3C900E5343A /* SettingsView.swift */; };
		99B3A9A32CABE3B9007A3425 /* AddPlayersView.swift in Sources */ = {isa = PBXBuildFile; fileRef = 99B3A9A22CABE3B9007A3425 /* AddPlayersView.swift */; };
		99B3A9A52CABF367007A3425 /* AddPlayerTextField.swift in Sources */ = {isa = PBXBuildFile; fileRef = 99B3A9A42CABF367007A3425 /* AddPlayerTextField.swift */; };
		99B3A9A82CABFE3F007A3425 /* GuideScreen1.swift in Sources */ = {isa = PBXBuildFile; fileRef = 99B3A9A72CABFE3F007A3425 /* GuideScreen1.swift */; };
		99B3A9AA2CABFE5F007A3425 /* GuideScreen2.swift in Sources */ = {isa = PBXBuildFile; fileRef = 99B3A9A92CABFE5F007A3425 /* GuideScreen2.swift */; };
		99B3A9AC2CABFE6A007A3425 /* GuideScreen3.swift in Sources */ = {isa = PBXBuildFile; fileRef = 99B3A9AB2CABFE6A007A3425 /* GuideScreen3.swift */; };
		99B3A9AE2CABFE75007A3425 /* GuideScreen4.swift in Sources */ = {isa = PBXBuildFile; fileRef = 99B3A9AD2CABFE75007A3425 /* GuideScreen4.swift */; };
		99B3A9B02CABFE7F007A3425 /* GuideScreen5.swift in Sources */ = {isa = PBXBuildFile; fileRef = 99B3A9AF2CABFE7F007A3425 /* GuideScreen5.swift */; };
		99B3A9B22CABFE89007A3425 /* GuideScreen6.swift in Sources */ = {isa = PBXBuildFile; fileRef = 99B3A9B12CABFE89007A3425 /* GuideScreen6.swift */; };
		99B3A9B42CABFE93007A3425 /* GuideScreen7.swift in Sources */ = {isa = PBXBuildFile; fileRef = 99B3A9B32CABFE93007A3425 /* GuideScreen7.swift */; };
		99B3A9B72CAC063B007A3425 /* HandThePhoneView.swift in Sources */ = {isa = PBXBuildFile; fileRef = 99B3A9B62CAC063B007A3425 /* HandThePhoneView.swift */; };
		99B3A9B92CAC0F14007A3425 /* GameView.swift in Sources */ = {isa = PBXBuildFile; fileRef = 99B3A9B82CAC0F14007A3425 /* GameView.swift */; };
		99B3A9C12CAD628B007A3425 /* LoadingView.swift in Sources */ = {isa = PBXBuildFile; fileRef = 99B3A9C02CAD628B007A3425 /* LoadingView.swift */; };
		99B3A9C32CAD7C3C007A3425 /* music.mp3 in Resources */ = {isa = PBXBuildFile; fileRef = 99B3A9C22CAD7C3C007A3425 /* music.mp3 */; };
		99C88A5C2CAEC58E00C281FD /* Keyboard.swift in Sources */ = {isa = PBXBuildFile; fileRef = 99C88A5B2CAEC58E00C281FD /* Keyboard.swift */; };
/* End PBXBuildFile section */

/* Begin PBXFileReference section */
		9982FDC62CA98A4D00E5343A /* imaginarium.app */ = {isa = PBXFileReference; explicitFileType = wrapper.application; includeInIndex = 0; path = imaginarium.app; sourceTree = BUILT_PRODUCTS_DIR; };
		9982FDC92CA98A4D00E5343A /* imaginariumApp.swift */ = {isa = PBXFileReference; lastKnownFileType = sourcecode.swift; path = imaginariumApp.swift; sourceTree = "<group>"; };
		9982FDCB2CA98A4D00E5343A /* ContentView.swift */ = {isa = PBXFileReference; lastKnownFileType = sourcecode.swift; path = ContentView.swift; sourceTree = "<group>"; };
		9982FDCD2CA98A5000E5343A /* Assets.xcassets */ = {isa = PBXFileReference; lastKnownFileType = folder.assetcatalog; path = Assets.xcassets; sourceTree = "<group>"; };
		9982FDD02CA98A5000E5343A /* Preview Assets.xcassets */ = {isa = PBXFileReference; lastKnownFileType = folder.assetcatalog; path = "Preview Assets.xcassets"; sourceTree = "<group>"; };
		9982FDDB2CA98C4800E5343A /* HomeView.swift */ = {isa = PBXFileReference; lastKnownFileType = sourcecode.swift; path = HomeView.swift; sourceTree = "<group>"; };
		9982FDDD2CA98D1F00E5343A /* Images.swift */ = {isa = PBXFileReference; lastKnownFileType = sourcecode.swift; path = Images.swift; sourceTree = "<group>"; };
		9982FDE32CA9936E00E5343A /* hPadding.swift */ = {isa = PBXFileReference; lastKnownFileType = sourcecode.swift; path = hPadding.swift; sourceTree = "<group>"; };
		9982FDE52CA994D200E5343A /* HomeViewModel.swift */ = {isa = PBXFileReference; lastKnownFileType = sourcecode.swift; path = HomeViewModel.swift; sourceTree = "<group>"; };
		9982FDE72CA9952300E5343A /* Source.swift */ = {isa = PBXFileReference; lastKnownFileType = sourcecode.swift; path = Source.swift; sourceTree = "<group>"; };
		9982FDEA2CA9956800E5343A /* CategoriesEnum.swift */ = {isa = PBXFileReference; lastKnownFileType = sourcecode.swift; path = CategoriesEnum.swift; sourceTree = "<group>"; };
		9982FDEC2CA996C600E5343A /* CategoryCard.swift */ = {isa = PBXFileReference; lastKnownFileType = sourcecode.swift; path = CategoryCard.swift; sourceTree = "<group>"; };
		9982FDEE2CA99E2000E5343A /* EnvironmentalValues.swift */ = {isa = PBXFileReference; lastKnownFileType = sourcecode.swift; path = EnvironmentalValues.swift; sourceTree = "<group>"; };
		9982FDF12CA9A3C900E5343A /* SettingsView.swift */ = {isa = PBXFileReference; lastKnownFileType = sourcecode.swift; path = SettingsView.swift; sourceTree = "<group>"; };
		99B3A9A22CABE3B9007A3425 /* AddPlayersView.swift */ = {isa = PBXFileReference; lastKnownFileType = sourcecode.swift; path = AddPlayersView.swift; sourceTree = "<group>"; };
		99B3A9A42CABF367007A3425 /* AddPlayerTextField.swift */ = {isa = PBXFileReference; lastKnownFileType = sourcecode.swift; path = AddPlayerTextField.swift; sourceTree = "<group>"; };
		99B3A9A72CABFE3F007A3425 /* GuideScreen1.swift */ = {isa = PBXFileReference; lastKnownFileType = sourcecode.swift; path = GuideScreen1.swift; sourceTree = "<group>"; };
		99B3A9A92CABFE5F007A3425 /* GuideScreen2.swift */ = {isa = PBXFileReference; lastKnownFileType = sourcecode.swift; path = GuideScreen2.swift; sourceTree = "<group>"; };
		99B3A9AB2CABFE6A007A3425 /* GuideScreen3.swift */ = {isa = PBXFileReference; lastKnownFileType = sourcecode.swift; path = GuideScreen3.swift; sourceTree = "<group>"; };
		99B3A9AD2CABFE75007A3425 /* GuideScreen4.swift */ = {isa = PBXFileReference; lastKnownFileType = sourcecode.swift; path = GuideScreen4.swift; sourceTree = "<group>"; };
		99B3A9AF2CABFE7F007A3425 /* GuideScreen5.swift */ = {isa = PBXFileReference; lastKnownFileType = sourcecode.swift; path = GuideScreen5.swift; sourceTree = "<group>"; };
		99B3A9B12CABFE89007A3425 /* GuideScreen6.swift */ = {isa = PBXFileReference; lastKnownFileType = sourcecode.swift; path = GuideScreen6.swift; sourceTree = "<group>"; };
		99B3A9B32CABFE93007A3425 /* GuideScreen7.swift */ = {isa = PBXFileReference; lastKnownFileType = sourcecode.swift; path = GuideScreen7.swift; sourceTree = "<group>"; };
		99B3A9B62CAC063B007A3425 /* HandThePhoneView.swift */ = {isa = PBXFileReference; lastKnownFileType = sourcecode.swift; path = HandThePhoneView.swift; sourceTree = "<group>"; };
		99B3A9B82CAC0F14007A3425 /* GameView.swift */ = {isa = PBXFileReference; lastKnownFileType = sourcecode.swift; path = GameView.swift; sourceTree = "<group>"; };
		99B3A9C02CAD628B007A3425 /* LoadingView.swift */ = {isa = PBXFileReference; lastKnownFileType = sourcecode.swift; path = LoadingView.swift; sourceTree = "<group>"; };
		99B3A9C22CAD7C3C007A3425 /* music.mp3 */ = {isa = PBXFileReference; lastKnownFileType = audio.mp3; path = music.mp3; sourceTree = "<group>"; };
		99C88A5B2CAEC58E00C281FD /* Keyboard.swift */ = {isa = PBXFileReference; lastKnownFileType = sourcecode.swift; path = Keyboard.swift; sourceTree = "<group>"; };
/* End PBXFileReference section */

/* Begin PBXFrameworksBuildPhase section */
		9982FDC32CA98A4D00E5343A /* Frameworks */ = {
			isa = PBXFrameworksBuildPhase;
			buildActionMask = 2147483647;
			files = (
			);
			runOnlyForDeploymentPostprocessing = 0;
		};
/* End PBXFrameworksBuildPhase section */

/* Begin PBXGroup section */
		9982FDBD2CA98A4D00E5343A = {
			isa = PBXGroup;
			children = (
				9982FDC82CA98A4D00E5343A /* imaginarium */,
				9982FDC72CA98A4D00E5343A /* Products */,
			);
			sourceTree = "<group>";
		};
		9982FDC72CA98A4D00E5343A /* Products */ = {
			isa = PBXGroup;
			children = (
				9982FDC62CA98A4D00E5343A /* imaginarium.app */,
			);
			name = Products;
			sourceTree = "<group>";
		};
		9982FDC82CA98A4D00E5343A /* imaginarium */ = {
			isa = PBXGroup;
			children = (
				9982FDE92CA9954900E5343A /* Source */,
				9982FDE22CA9935C00E5343A /* Helpers */,
				9982FDD72CA98C0B00E5343A /* Screens */,
				9982FDC92CA98A4D00E5343A /* imaginariumApp.swift */,
				9982FDCB2CA98A4D00E5343A /* ContentView.swift */,
				9982FDCD2CA98A5000E5343A /* Assets.xcassets */,
				9982FDCF2CA98A5000E5343A /* Preview Content */,
				9982FDDD2CA98D1F00E5343A /* Images.swift */,
			);
			path = imaginarium;
			sourceTree = "<group>";
		};
		9982FDCF2CA98A5000E5343A /* Preview Content */ = {
			isa = PBXGroup;
			children = (
				9982FDD02CA98A5000E5343A /* Preview Assets.xcassets */,
			);
			path = "Preview Content";
			sourceTree = "<group>";
		};
		9982FDD72CA98C0B00E5343A /* Screens */ = {
			isa = PBXGroup;
			children = (
				99B3A9BF2CAD6282007A3425 /* Loading */,
				99B3A9B52CAC05F8007A3425 /* GameScreens */,
				99B3A9A62CABFE21007A3425 /* GuideScreens */,
				99B3A99F2CABE395007A3425 /* AddPlayersScreen */,
				9982FDF02CA9A3AE00E5343A /* SettingsScreen */,
				9982FDD82CA98C2000E5343A /* HomeScreen */,
			);
			path = Screens;
			sourceTree = "<group>";
		};
		9982FDD82CA98C2000E5343A /* HomeScreen */ = {
			isa = PBXGroup;
			children = (
				9982FDDB2CA98C4800E5343A /* HomeView.swift */,
				9982FDE52CA994D200E5343A /* HomeViewModel.swift */,
				9982FDEC2CA996C600E5343A /* CategoryCard.swift */,
			);
			path = HomeScreen;
			sourceTree = "<group>";
		};
		9982FDE22CA9935C00E5343A /* Helpers */ = {
			isa = PBXGroup;
			children = (
				9982FDE32CA9936E00E5343A /* hPadding.swift */,
				9982FDEE2CA99E2000E5343A /* EnvironmentalValues.swift */,
				99C88A5B2CAEC58E00C281FD /* Keyboard.swift */,
			);
			path = Helpers;
			sourceTree = "<group>";
		};
		9982FDE92CA9954900E5343A /* Source */ = {
			isa = PBXGroup;
			children = (
				99B3A9C22CAD7C3C007A3425 /* music.mp3 */,
				9982FDE72CA9952300E5343A /* Source.swift */,
				9982FDEA2CA9956800E5343A /* CategoriesEnum.swift */,
			);
			path = Source;
			sourceTree = "<group>";
		};
		9982FDF02CA9A3AE00E5343A /* SettingsScreen */ = {
			isa = PBXGroup;
			children = (
				9982FDF12CA9A3C900E5343A /* SettingsView.swift */,
			);
			path = SettingsScreen;
			sourceTree = "<group>";
		};
		99B3A99F2CABE395007A3425 /* AddPlayersScreen */ = {
			isa = PBXGroup;
			children = (
				99B3A9A22CABE3B9007A3425 /* AddPlayersView.swift */,
				99B3A9A42CABF367007A3425 /* AddPlayerTextField.swift */,
			);
			path = AddPlayersScreen;
			sourceTree = "<group>";
		};
		99B3A9A62CABFE21007A3425 /* GuideScreens */ = {
			isa = PBXGroup;
			children = (
				99B3A9A72CABFE3F007A3425 /* GuideScreen1.swift */,
				99B3A9A92CABFE5F007A3425 /* GuideScreen2.swift */,
				99B3A9AB2CABFE6A007A3425 /* GuideScreen3.swift */,
				99B3A9AD2CABFE75007A3425 /* GuideScreen4.swift */,
				99B3A9AF2CABFE7F007A3425 /* GuideScreen5.swift */,
				99B3A9B12CABFE89007A3425 /* GuideScreen6.swift */,
				99B3A9B32CABFE93007A3425 /* GuideScreen7.swift */,
			);
			path = GuideScreens;
			sourceTree = "<group>";
		};
		99B3A9B52CAC05F8007A3425 /* GameScreens */ = {
			isa = PBXGroup;
			children = (
				99B3A9B62CAC063B007A3425 /* HandThePhoneView.swift */,
				99B3A9B82CAC0F14007A3425 /* GameView.swift */,
			);
			path = GameScreens;
			sourceTree = "<group>";
		};
		99B3A9BF2CAD6282007A3425 /* Loading */ = {
			isa = PBXGroup;
			children = (
				99B3A9C02CAD628B007A3425 /* LoadingView.swift */,
			);
			path = Loading;
			sourceTree = "<group>";
		};
/* End PBXGroup section */

/* Begin PBXNativeTarget section */
		9982FDC52CA98A4D00E5343A /* imaginarium */ = {
			isa = PBXNativeTarget;
			buildConfigurationList = 9982FDD42CA98A5000E5343A /* Build configuration list for PBXNativeTarget "imaginarium" */;
			buildPhases = (
				9982FDC22CA98A4D00E5343A /* Sources */,
				9982FDC32CA98A4D00E5343A /* Frameworks */,
				9982FDC42CA98A4D00E5343A /* Resources */,
			);
			buildRules = (
			);
			dependencies = (
			);
			name = imaginarium;
			productName = imaginarium;
			productReference = 9982FDC62CA98A4D00E5343A /* imaginarium.app */;
			productType = "com.apple.product-type.application";
		};
/* End PBXNativeTarget section */

/* Begin PBXProject section */
		9982FDBE2CA98A4D00E5343A /* Project object */ = {
			isa = PBXProject;
			attributes = {
				BuildIndependentTargetsInParallel = 1;
				LastSwiftUpdateCheck = 1540;
				LastUpgradeCheck = 1540;
				TargetAttributes = {
					9982FDC52CA98A4D00E5343A = {
						CreatedOnToolsVersion = 15.4;
					};
				};
			};
			buildConfigurationList = 9982FDC12CA98A4D00E5343A /* Build configuration list for PBXProject "imaginarium" */;
			compatibilityVersion = "Xcode 14.0";
			developmentRegion = en;
			hasScannedForEncodings = 0;
			knownRegions = (
				en,
				Base,
			);
			mainGroup = 9982FDBD2CA98A4D00E5343A;
			productRefGroup = 9982FDC72CA98A4D00E5343A /* Products */;
			projectDirPath = "";
			projectRoot = "";
			targets = (
				9982FDC52CA98A4D00E5343A /* imaginarium */,
			);
		};
/* End PBXProject section */

/* Begin PBXResourcesBuildPhase section */
		9982FDC42CA98A4D00E5343A /* Resources */ = {
			isa = PBXResourcesBuildPhase;
			buildActionMask = 2147483647;
			files = (
				99B3A9C32CAD7C3C007A3425 /* music.mp3 in Resources */,
				9982FDD12CA98A5000E5343A /* Preview Assets.xcassets in Resources */,
				9982FDCE2CA98A5000E5343A /* Assets.xcassets in Resources */,
			);
			runOnlyForDeploymentPostprocessing = 0;
		};
/* End PBXResourcesBuildPhase section */

/* Begin PBXSourcesBuildPhase section */
		9982FDC22CA98A4D00E5343A /* Sources */ = {
			isa = PBXSourcesBuildPhase;
			buildActionMask = 2147483647;
			files = (
				9982FDDC2CA98C4800E5343A /* HomeView.swift in Sources */,
				99B3A9B72CAC063B007A3425 /* HandThePhoneView.swift in Sources */,
				99B3A9AA2CABFE5F007A3425 /* GuideScreen2.swift in Sources */,
				9982FDE62CA994D200E5343A /* HomeViewModel.swift in Sources */,
				99B3A9C12CAD628B007A3425 /* LoadingView.swift in Sources */,
				9982FDEF2CA99E2000E5343A /* EnvironmentalValues.swift in Sources */,
				99B3A9A32CABE3B9007A3425 /* AddPlayersView.swift in Sources */,
				99B3A9A52CABF367007A3425 /* AddPlayerTextField.swift in Sources */,
				99B3A9B42CABFE93007A3425 /* GuideScreen7.swift in Sources */,
				9982FDEB2CA9956800E5343A /* CategoriesEnum.swift in Sources */,
				99B3A9A82CABFE3F007A3425 /* GuideScreen1.swift in Sources */,
				9982FDED2CA996C600E5343A /* CategoryCard.swift in Sources */,
				9982FDDE2CA98D1F00E5343A /* Images.swift in Sources */,
				99B3A9B22CABFE89007A3425 /* GuideScreen6.swift in Sources */,
				9982FDE82CA9952300E5343A /* Source.swift in Sources */,
				9982FDE42CA9936E00E5343A /* hPadding.swift in Sources */,
				9982FDCC2CA98A4D00E5343A /* ContentView.swift in Sources */,
				99B3A9B92CAC0F14007A3425 /* GameView.swift in Sources */,
				9982FDCA2CA98A4D00E5343A /* imaginariumApp.swift in Sources */,
				99B3A9AE2CABFE75007A3425 /* GuideScreen4.swift in Sources */,
				99B3A9AC2CABFE6A007A3425 /* GuideScreen3.swift in Sources */,
				99C88A5C2CAEC58E00C281FD /* Keyboard.swift in Sources */,
				99B3A9B02CABFE7F007A3425 /* GuideScreen5.swift in Sources */,
				9982FDF22CA9A3C900E5343A /* SettingsView.swift in Sources */,
			);
			runOnlyForDeploymentPostprocessing = 0;
		};
/* End PBXSourcesBuildPhase section */

/* Begin XCBuildConfiguration section */
		9982FDD22CA98A5000E5343A /* Debug */ = {
			isa = XCBuildConfiguration;
			buildSettings = {
				ALWAYS_SEARCH_USER_PATHS = NO;
				ASSETCATALOG_COMPILER_GENERATE_SWIFT_ASSET_SYMBOL_EXTENSIONS = YES;
				CLANG_ANALYZER_NONNULL = YES;
				CLANG_ANALYZER_NUMBER_OBJECT_CONVERSION = YES_AGGRESSIVE;
				CLANG_CXX_LANGUAGE_STANDARD = "gnu++20";
				CLANG_ENABLE_MODULES = YES;
				CLANG_ENABLE_OBJC_ARC = YES;
				CLANG_ENABLE_OBJC_WEAK = YES;
				CLANG_WARN_BLOCK_CAPTURE_AUTORELEASING = YES;
				CLANG_WARN_BOOL_CONVERSION = YES;
				CLANG_WARN_COMMA = YES;
				CLANG_WARN_CONSTANT_CONVERSION = YES;
				CLANG_WARN_DEPRECATED_OBJC_IMPLEMENTATIONS = YES;
				CLANG_WARN_DIRECT_OBJC_ISA_USAGE = YES_ERROR;
				CLANG_WARN_DOCUMENTATION_COMMENTS = YES;
				CLANG_WARN_EMPTY_BODY = YES;
				CLANG_WARN_ENUM_CONVERSION = YES;
				CLANG_WARN_INFINITE_RECURSION = YES;
				CLANG_WARN_INT_CONVERSION = YES;
				CLANG_WARN_NON_LITERAL_NULL_CONVERSION = YES;
				CLANG_WARN_OBJC_IMPLICIT_RETAIN_SELF = YES;
				CLANG_WARN_OBJC_LITERAL_CONVERSION = YES;
				CLANG_WARN_OBJC_ROOT_CLASS = YES_ERROR;
				CLANG_WARN_QUOTED_INCLUDE_IN_FRAMEWORK_HEADER = YES;
				CLANG_WARN_RANGE_LOOP_ANALYSIS = YES;
				CLANG_WARN_STRICT_PROTOTYPES = YES;
				CLANG_WARN_SUSPICIOUS_MOVE = YES;
				CLANG_WARN_UNGUARDED_AVAILABILITY = YES_AGGRESSIVE;
				CLANG_WARN_UNREACHABLE_CODE = YES;
				CLANG_WARN__DUPLICATE_METHOD_MATCH = YES;
				COPY_PHASE_STRIP = NO;
				DEBUG_INFORMATION_FORMAT = dwarf;
				ENABLE_STRICT_OBJC_MSGSEND = YES;
				ENABLE_TESTABILITY = YES;
				ENABLE_USER_SCRIPT_SANDBOXING = YES;
				GCC_C_LANGUAGE_STANDARD = gnu17;
				GCC_DYNAMIC_NO_PIC = NO;
				GCC_NO_COMMON_BLOCKS = YES;
				GCC_OPTIMIZATION_LEVEL = 0;
				GCC_PREPROCESSOR_DEFINITIONS = (
					"DEBUG=1",
					"$(inherited)",
				);
				GCC_WARN_64_TO_32_BIT_CONVERSION = YES;
				GCC_WARN_ABOUT_RETURN_TYPE = YES_ERROR;
				GCC_WARN_UNDECLARED_SELECTOR = YES;
				GCC_WARN_UNINITIALIZED_AUTOS = YES_AGGRESSIVE;
				GCC_WARN_UNUSED_FUNCTION = YES;
				GCC_WARN_UNUSED_VARIABLE = YES;
				IPHONEOS_DEPLOYMENT_TARGET = 14;
				LOCALIZATION_PREFERS_STRING_CATALOGS = YES;
				MTL_ENABLE_DEBUG_INFO = INCLUDE_SOURCE;
				MTL_FAST_MATH = YES;
				ONLY_ACTIVE_ARCH = YES;
				SDKROOT = iphoneos;
				SWIFT_ACTIVE_COMPILATION_CONDITIONS = "DEBUG $(inherited)";
				SWIFT_OPTIMIZATION_LEVEL = "-Onone";
			};
			name = Debug;
		};
		9982FDD32CA98A5000E5343A /* Release */ = {
			isa = XCBuildConfiguration;
			buildSettings = {
				ALWAYS_SEARCH_USER_PATHS = NO;
				ASSETCATALOG_COMPILER_GENERATE_SWIFT_ASSET_SYMBOL_EXTENSIONS = YES;
				CLANG_ANALYZER_NONNULL = YES;
				CLANG_ANALYZER_NUMBER_OBJECT_CONVERSION = YES_AGGRESSIVE;
				CLANG_CXX_LANGUAGE_STANDARD = "gnu++20";
				CLANG_ENABLE_MODULES = YES;
				CLANG_ENABLE_OBJC_ARC = YES;
				CLANG_ENABLE_OBJC_WEAK = YES;
				CLANG_WARN_BLOCK_CAPTURE_AUTORELEASING = YES;
				CLANG_WARN_BOOL_CONVERSION = YES;
				CLANG_WARN_COMMA = YES;
				CLANG_WARN_CONSTANT_CONVERSION = YES;
				CLANG_WARN_DEPRECATED_OBJC_IMPLEMENTATIONS = YES;
				CLANG_WARN_DIRECT_OBJC_ISA_USAGE = YES_ERROR;
				CLANG_WARN_DOCUMENTATION_COMMENTS = YES;
				CLANG_WARN_EMPTY_BODY = YES;
				CLANG_WARN_ENUM_CONVERSION = YES;
				CLANG_WARN_INFINITE_RECURSION = YES;
				CLANG_WARN_INT_CONVERSION = YES;
				CLANG_WARN_NON_LITERAL_NULL_CONVERSION = YES;
				CLANG_WARN_OBJC_IMPLICIT_RETAIN_SELF = YES;
				CLANG_WARN_OBJC_LITERAL_CONVERSION = YES;
				CLANG_WARN_OBJC_ROOT_CLASS = YES_ERROR;
				CLANG_WARN_QUOTED_INCLUDE_IN_FRAMEWORK_HEADER = YES;
				CLANG_WARN_RANGE_LOOP_ANALYSIS = YES;
				CLANG_WARN_STRICT_PROTOTYPES = YES;
				CLANG_WARN_SUSPICIOUS_MOVE = YES;
				CLANG_WARN_UNGUARDED_AVAILABILITY = YES_AGGRESSIVE;
				CLANG_WARN_UNREACHABLE_CODE = YES;
				CLANG_WARN__DUPLICATE_METHOD_MATCH = YES;
				COPY_PHASE_STRIP = NO;
				DEBUG_INFORMATION_FORMAT = "dwarf-with-dsym";
				ENABLE_NS_ASSERTIONS = NO;
				ENABLE_STRICT_OBJC_MSGSEND = YES;
				ENABLE_USER_SCRIPT_SANDBOXING = YES;
				GCC_C_LANGUAGE_STANDARD = gnu17;
				GCC_NO_COMMON_BLOCKS = YES;
				GCC_WARN_64_TO_32_BIT_CONVERSION = YES;
				GCC_WARN_ABOUT_RETURN_TYPE = YES_ERROR;
				GCC_WARN_UNDECLARED_SELECTOR = YES;
				GCC_WARN_UNINITIALIZED_AUTOS = YES_AGGRESSIVE;
				GCC_WARN_UNUSED_FUNCTION = YES;
				GCC_WARN_UNUSED_VARIABLE = YES;
				IPHONEOS_DEPLOYMENT_TARGET = 14;
				LOCALIZATION_PREFERS_STRING_CATALOGS = YES;
				MTL_ENABLE_DEBUG_INFO = NO;
				MTL_FAST_MATH = YES;
				SDKROOT = iphoneos;
				SWIFT_COMPILATION_MODE = wholemodule;
				VALIDATE_PRODUCT = YES;
			};
			name = Release;
		};
		9982FDD52CA98A5000E5343A /* Debug */ = {
			isa = XCBuildConfiguration;
			buildSettings = {
				ASSETCATALOG_COMPILER_APPICON_NAME = AppIcon;
				ASSETCATALOG_COMPILER_GLOBAL_ACCENT_COLOR_NAME = AccentColor;
				CODE_SIGN_STYLE = Automatic;
				CURRENT_PROJECT_VERSION = 1;
				DEVELOPMENT_ASSET_PATHS = "\"imaginarium/Preview Content\"";
				DEVELOPMENT_TEAM = "";
				ENABLE_PREVIEWS = YES;
				GENERATE_INFOPLIST_FILE = YES;
				INFOPLIST_KEY_CFBundleDisplayName = "Lucky Moments: Jenny Guesses";
				INFOPLIST_KEY_UIApplicationSceneManifest_Generation = YES;
				INFOPLIST_KEY_UIApplicationSupportsIndirectInputEvents = YES;
				INFOPLIST_KEY_UILaunchScreen_Generation = YES;
				INFOPLIST_KEY_UIRequiresFullScreen = YES;
				INFOPLIST_KEY_UISupportedInterfaceOrientations = UIInterfaceOrientationPortrait;
				IPHONEOS_DEPLOYMENT_TARGET = 14;
				LD_RUNPATH_SEARCH_PATHS = (
					"$(inherited)",
					"@executable_path/Frameworks",
				);
				MARKETING_VERSION = 1.0;
				PRODUCT_BUNDLE_IDENTIFIER = nobody.imaginarium;
				PRODUCT_NAME = "$(TARGET_NAME)";
				SUPPORTED_PLATFORMS = "iphoneos iphonesimulator";
				SUPPORTS_MACCATALYST = NO;
				SUPPORTS_MAC_DESIGNED_FOR_IPHONE_IPAD = NO;
				SUPPORTS_XR_DESIGNED_FOR_IPHONE_IPAD = NO;
				SWIFT_EMIT_LOC_STRINGS = YES;
				SWIFT_VERSION = 5.0;
				TARGETED_DEVICE_FAMILY = 1;
			};
			name = Debug;
		};
		9982FDD62CA98A5000E5343A /* Release */ = {
			isa = XCBuildConfiguration;
			buildSettings = {
				ASSETCATALOG_COMPILER_APPICON_NAME = AppIcon;
				ASSETCATALOG_COMPILER_GLOBAL_ACCENT_COLOR_NAME = AccentColor;
				CODE_SIGN_STYLE = Automatic;
				CURRENT_PROJECT_VERSION = 1;
				DEVELOPMENT_ASSET_PATHS = "\"imaginarium/Preview Content\"";
				DEVELOPMENT_TEAM = "";
				ENABLE_PREVIEWS = YES;
				GENERATE_INFOPLIST_FILE = YES;
				INFOPLIST_KEY_CFBundleDisplayName = "Lucky Moments: Jenny Guesses";
				INFOPLIST_KEY_UIApplicationSceneManifest_Generation = YES;
				INFOPLIST_KEY_UIApplicationSupportsIndirectInputEvents = YES;
				INFOPLIST_KEY_UILaunchScreen_Generation = YES;
				INFOPLIST_KEY_UIRequiresFullScreen = YES;
				INFOPLIST_KEY_UISupportedInterfaceOrientations = UIInterfaceOrientationPortrait;
				IPHONEOS_DEPLOYMENT_TARGET = 14;
				LD_RUNPATH_SEARCH_PATHS = (
					"$(inherited)",
					"@executable_path/Frameworks",
				);
				MARKETING_VERSION = 1.0;
				PRODUCT_BUNDLE_IDENTIFIER = nobody.imaginarium;
				PRODUCT_NAME = "$(TARGET_NAME)";
				SUPPORTED_PLATFORMS = "iphoneos iphonesimulator";
				SUPPORTS_MACCATALYST = NO;
				SUPPORTS_MAC_DESIGNED_FOR_IPHONE_IPAD = NO;
				SUPPORTS_XR_DESIGNED_FOR_IPHONE_IPAD = NO;
				SWIFT_EMIT_LOC_STRINGS = YES;
				SWIFT_VERSION = 5.0;
				TARGETED_DEVICE_FAMILY = 1;
			};
			name = Release;
		};
/* End XCBuildConfiguration section */

/* Begin XCConfigurationList section */
		9982FDC12CA98A4D00E5343A /* Build configuration list for PBXProject "imaginarium" */ = {
			isa = XCConfigurationList;
			buildConfigurations = (
				9982FDD22CA98A5000E5343A /* Debug */,
				9982FDD32CA98A5000E5343A /* Release */,
			);
			defaultConfigurationIsVisible = 0;
			defaultConfigurationName = Release;
		};
		9982FDD42CA98A5000E5343A /* Build configuration list for PBXNativeTarget "imaginarium" */ = {
			isa = XCConfigurationList;
			buildConfigurations = (
				9982FDD52CA98A5000E5343A /* Debug */,
				9982FDD62CA98A5000E5343A /* Release */,
			);
			defaultConfigurationIsVisible = 0;
			defaultConfigurationName = Release;
		};
/* End XCConfigurationList section */
	};
	rootObject = 9982FDBE2CA98A4D00E5343A /* Project object */;
}
